
Microsoft Visual Studio Solution File, Format Version 12.00
# Visual Studio Version 17
VisualStudioVersion = 17.12.35707.178 d17.12
MinimumVisualStudioVersion = 10.0.40219.1
Project("{FAE04EC0-301F-11D3-BF4B-00C04F79EFBC}") = "BlazorWebAsemblyTest", "BlazorWebAsemblyTest\BlazorWebAsemblyTest\BlazorWebAsemblyTest.csproj", "{31834772-7982-4255-A2A3-BBB5E787C712}"
EndProject
Project("{FAE04EC0-301F-11D3-BF4B-00C04F79EFBC}") = "BlazorWebAsemblyTest.Client", "BlazorWebAsemblyTest\BlazorWebAsemblyTest.Client\BlazorWebAsemblyTest.Client.csproj", "{5B3C970A-2111-439D-9AD6-D10E56D676F2}"
EndProject
Global
	GlobalSection(SolutionConfigurationPlatforms) = preSolution
		Debug|Any CPU = Debug|Any CPU
		Release|Any CPU = Release|Any CPU
	EndGlobalSection
	GlobalSection(ProjectConfigurationPlatforms) = postSolution
		{31834772-7982-4255-A2A3-BBB5E787C712}.Debug|Any CPU.ActiveCfg = Debug|Any CPU
		{31834772-7982-4255-A2A3-BBB5E787C712}.Debug|Any CPU.Build.0 = Debug|Any CPU
		{31834772-7982-4255-A2A3-BBB5E787C712}.Release|Any CPU.ActiveCfg = Release|Any CPU
		{31834772-7982-4255-A2A3-BBB5E787C712}.Release|Any CPU.Build.0 = Release|Any CPU
		{5B3C970A-2111-439D-9AD6-D10E56D676F2}.Debug|Any CPU.ActiveCfg = Debug|Any CPU
		{5B3C970A-2111-439D-9AD6-D10E56D676F2}.Debug|Any CPU.Build.0 = Debug|Any CPU
		{5B3C970A-2111-439D-9AD6-D10E56D676F2}.Release|Any CPU.ActiveCfg = Release|Any CPU
		{5B3C970A-2111-439D-9AD6-D10E56D676F2}.Release|Any CPU.Build.0 = Release|Any CPU
	EndGlobalSection
	GlobalSection(SolutionProperties) = preSolution
		HideSolutionNode = FALSE
	EndGlobalSection
EndGlobal
